
Microsoft Visual Studio Solution File, Format Version 12.00
# Visual Studio Version 17
VisualStudioVersion = 17.7.34202.233
MinimumVisualStudioVersion = 10.0.40219.1
Project("{FAE04EC0-301F-11D3-BF4B-00C04F79EFBC}") = "CarShopWeb", "CarShopWeb\CarShopWeb.csproj", "{84BBD23D-23CF-4F24-990B-CF58A3B960EE}"
EndProject
Global
	GlobalSection(SolutionConfigurationPlatforms) = preSolution
		Debug|Any CPU = Debug|Any CPU
		Release|Any CPU = Release|Any CPU
	EndGlobalSection
	GlobalSection(ProjectConfigurationPlatforms) = postSolution
		{84BBD23D-23CF-4F24-990B-CF58A3B960EE}.Debug|Any CPU.ActiveCfg = Debug|Any CPU
		{84BBD23D-23CF-4F24-990B-CF58A3B960EE}.Debug|Any CPU.Build.0 = Debug|Any CPU
		{84BBD23D-23CF-4F24-990B-CF58A3B960EE}.Release|Any CPU.ActiveCfg = Release|Any CPU
		{84BBD23D-23CF-4F24-990B-CF58A3B960EE}.Release|Any CPU.Build.0 = Release|Any CPU
	EndGlobalSection
	GlobalSection(SolutionProperties) = preSolution
		HideSolutionNode = FALSE
	EndGlobalSection
	GlobalSection(ExtensibilityGlobals) = postSolution
		SolutionGuid = {97EA1360-D59E-456F-934C-50360FECDC8F}
	EndGlobalSection
EndGlobal
